
Microsoft Visual Studio Solution File, Format Version 12.00
# Visual Studio Version 17
VisualStudioVersion = 17.14.36401.2
MinimumVisualStudioVersion = 10.0.40219.1
Project("{FAE04EC0-301F-11D3-BF4B-00C04F79EFBC}") = "SistemaEducativoADB.API2", "..\SistemaEducativoADB.API2\SistemaEducativoADB.API2.csproj", "{C50B771A-594C-4512-9952-3B9B1D79ACFB}"
EndProject
Project("{FAE04EC0-301F-11D3-BF4B-00C04F79EFBC}") = "SistemaEducativoADB.Frontend.Razor", "..\SistemaEducativoADB.Frontend.Razor\SistemaEducativoADB.Frontend.Razor.csproj", "{F04E3C5C-4FD9-4719-AE58-852DB2049235}"
EndProject
Global
	GlobalSection(SolutionConfigurationPlatforms) = preSolution
		Debug|Any CPU = Debug|Any CPU
		Release|Any CPU = Release|Any CPU
	EndGlobalSection
	GlobalSection(ProjectConfigurationPlatforms) = postSolution
		{C50B771A-594C-4512-9952-3B9B1D79ACFB}.Debug|Any CPU.ActiveCfg = Debug|Any CPU
		{C50B771A-594C-4512-9952-3B9B1D79ACFB}.Debug|Any CPU.Build.0 = Debug|Any CPU
		{C50B771A-594C-4512-9952-3B9B1D79ACFB}.Release|Any CPU.ActiveCfg = Release|Any CPU
		{C50B771A-594C-4512-9952-3B9B1D79ACFB}.Release|Any CPU.Build.0 = Release|Any CPU
		{F04E3C5C-4FD9-4719-AE58-852DB2049235}.Debug|Any CPU.ActiveCfg = Debug|Any CPU
		{F04E3C5C-4FD9-4719-AE58-852DB2049235}.Debug|Any CPU.Build.0 = Debug|Any CPU
		{F04E3C5C-4FD9-4719-AE58-852DB2049235}.Release|Any CPU.ActiveCfg = Release|Any CPU
		{F04E3C5C-4FD9-4719-AE58-852DB2049235}.Release|Any CPU.Build.0 = Release|Any CPU
	EndGlobalSection
	GlobalSection(SolutionProperties) = preSolution
		HideSolutionNode = FALSE
	EndGlobalSection
	GlobalSection(ExtensibilityGlobals) = postSolution
		SolutionGuid = {540D5913-787E-4222-8436-DF1143F1DBAA}
	EndGlobalSection
EndGlobal
