
Microsoft Visual Studio Solution File, Format Version 12.00
# Visual Studio Version 17
VisualStudioVersion = 17.14.36401.2
MinimumVisualStudioVersion = 10.0.40219.1
Project("{FAE04EC0-301F-11D3-BF4B-00C04F79EFBC}") = "SistemaEducativoADB.API", "SistemaEducativoADB.API.csproj", "{BF0B47A9-1B08-405B-8A8E-F40F3526C6D9}"
EndProject
Project("{FAE04EC0-301F-11D3-BF4B-00C04F79EFBC}") = "SistemaEducativo.Frontend", "SistemaEducativo.Frontend\SistemaEducativo.Frontend.csproj", "{5277889A-C960-6DBF-33CA-0A302A1C1DAF}"
EndProject
Global
	GlobalSection(SolutionConfigurationPlatforms) = preSolution
		Debug|Any CPU = Debug|Any CPU
		Release|Any CPU = Release|Any CPU
	EndGlobalSection
	GlobalSection(ProjectConfigurationPlatforms) = postSolution
		{BF0B47A9-1B08-405B-8A8E-F40F3526C6D9}.Debug|Any CPU.ActiveCfg = Debug|Any CPU
		{BF0B47A9-1B08-405B-8A8E-F40F3526C6D9}.Debug|Any CPU.Build.0 = Debug|Any CPU
		{BF0B47A9-1B08-405B-8A8E-F40F3526C6D9}.Release|Any CPU.ActiveCfg = Release|Any CPU
		{BF0B47A9-1B08-405B-8A8E-F40F3526C6D9}.Release|Any CPU.Build.0 = Release|Any CPU
		{5277889A-C960-6DBF-33CA-0A302A1C1DAF}.Debug|Any CPU.ActiveCfg = Debug|Any CPU
		{5277889A-C960-6DBF-33CA-0A302A1C1DAF}.Debug|Any CPU.Build.0 = Debug|Any CPU
		{5277889A-C960-6DBF-33CA-0A302A1C1DAF}.Release|Any CPU.ActiveCfg = Release|Any CPU
		{5277889A-C960-6DBF-33CA-0A302A1C1DAF}.Release|Any CPU.Build.0 = Release|Any CPU
	EndGlobalSection
	GlobalSection(SolutionProperties) = preSolution
		HideSolutionNode = FALSE
	EndGlobalSection
	GlobalSection(ExtensibilityGlobals) = postSolution
		SolutionGuid = {540D5913-787E-4222-8436-DF1143F1DBAA}
	EndGlobalSection
EndGlobal
